
Microsoft Visual Studio Solution File, Format Version 12.00
# Visual Studio 15
VisualStudioVersion = 15.0.27130.2027
MinimumVisualStudioVersion = 10.0.40219.1
Project("{FAE04EC0-301F-11D3-BF4B-00C04F79EFBC}") = "TestMakeAPICall", "TestMakeAPICall\TestMakeAPICall.csproj", "{60FBA8D5-3013-46EF-8BA5-1E9533C3E57F}"
EndProject
Global
	GlobalSection(SolutionConfigurationPlatforms) = preSolution
		Debug|Any CPU = Debug|Any CPU
		Release|Any CPU = Release|Any CPU
	EndGlobalSection
	GlobalSection(ProjectConfigurationPlatforms) = postSolution
		{60FBA8D5-3013-46EF-8BA5-1E9533C3E57F}.Debug|Any CPU.ActiveCfg = Debug|Any CPU
		{60FBA8D5-3013-46EF-8BA5-1E9533C3E57F}.Debug|Any CPU.Build.0 = Debug|Any CPU
		{60FBA8D5-3013-46EF-8BA5-1E9533C3E57F}.Release|Any CPU.ActiveCfg = Release|Any CPU
		{60FBA8D5-3013-46EF-8BA5-1E9533C3E57F}.Release|Any CPU.Build.0 = Release|Any CPU
	EndGlobalSection
	GlobalSection(SolutionProperties) = preSolution
		HideSolutionNode = FALSE
	EndGlobalSection
	GlobalSection(ExtensibilityGlobals) = postSolution
		SolutionGuid = {7285D44E-DCF1-4DB0-B77B-E145FA1B0649}
	EndGlobalSection
EndGlobal
